
Microsoft Visual Studio Solution File, Format Version 12.00
# Visual Studio Version 17
VisualStudioVersion = 17.13.35931.197
MinimumVisualStudioVersion = 10.0.40219.1
Project("{2150E333-8FDC-42A3-9474-1A3956D46DE8}") = "src", "src", "{02EA681E-C7D8-13C7-8484-4AC65E1B71E8}"
EndProject
Project("{FAE04EC0-301F-11D3-BF4B-00C04F79EFBC}") = "DClare.Runtime.Application", "src\DClare.Runtime.Application\DClare.Runtime.Application.csproj", "{6101296B-A9B1-5DAB-A716-20505C8A9992}"
EndProject
Project("{FAE04EC0-301F-11D3-BF4B-00C04F79EFBC}") = "DClare.Runtime.Infrastructure.Abstractions", "src\DClare.Runtime.Infrastructure.Abstractions\DClare.Runtime.Infrastructure.Abstractions.csproj", "{0FD3AADA-3BEB-4F8D-BBE9-0E55EED5652A}"
EndProject
Project("{FAE04EC0-301F-11D3-BF4B-00C04F79EFBC}") = "DClare.Runtime.Integration", "src\DClare.Runtime.Integration\DClare.Runtime.Integration.csproj", "{67ACA676-7C5E-406E-B9F4-42EE55B94B7F}"
EndProject
Project("{2150E333-8FDC-42A3-9474-1A3956D46DE8}") = "docs", "docs", "{8B324FC2-42BF-4DF7-8DA8-6A02318343A6}"
	ProjectSection(SolutionItems) = preProject
		CODEOWNERS = CODEOWNERS
		CODE_OF_CONDUCT.md = CODE_OF_CONDUCT.md
		CONTRIBUTING.md = CONTRIBUTING.md
		LICENSE = LICENSE
		MAINTAINERS.md = MAINTAINERS.md
		README.md = README.md
		SECURITY.md = SECURITY.md
	EndProjectSection
EndProject
Project("{FAE04EC0-301F-11D3-BF4B-00C04F79EFBC}") = "DClare.Runtime.Infrastructure.DistributedCache", "src\DClare.Runtime.Infrastructure.DistributedCache\DClare.Runtime.Infrastructure.DistributedCache.csproj", "{98CC5A0C-AC40-4FC6-9BE0-64EBAAC1AA3E}"
EndProject
Project("{FAE04EC0-301F-11D3-BF4B-00C04F79EFBC}") = "DClare.Runtime.Api", "src\DClare.Runtime.Api\DClare.Runtime.Api.csproj", "{9F66F2CB-EDCF-46E1-BC9C-54E2A0CDFCAA}"
EndProject
Project("{2150E333-8FDC-42A3-9474-1A3956D46DE8}") = "tests", "tests", "{2037D1D3-86A3-4C18-8672-F8504F9E29D7}"
EndProject
Project("{FAE04EC0-301F-11D3-BF4B-00C04F79EFBC}") = "DClare.Runtime.UnitTests", "tests\DClare.Runtime.UnitTests\DClare.Runtime.UnitTests.csproj", "{AEE3DDB5-3D97-4A63-A45C-4920E3285EBE}"
EndProject
Global
	GlobalSection(SolutionConfigurationPlatforms) = preSolution
		Debug|Any CPU = Debug|Any CPU
		Release|Any CPU = Release|Any CPU
	EndGlobalSection
	GlobalSection(ProjectConfigurationPlatforms) = postSolution
		{6101296B-A9B1-5DAB-A716-20505C8A9992}.Debug|Any CPU.ActiveCfg = Debug|Any CPU
		{6101296B-A9B1-5DAB-A716-20505C8A9992}.Debug|Any CPU.Build.0 = Debug|Any CPU
		{6101296B-A9B1-5DAB-A716-20505C8A9992}.Release|Any CPU.ActiveCfg = Release|Any CPU
		{6101296B-A9B1-5DAB-A716-20505C8A9992}.Release|Any CPU.Build.0 = Release|Any CPU
		{0FD3AADA-3BEB-4F8D-BBE9-0E55EED5652A}.Debug|Any CPU.ActiveCfg = Debug|Any CPU
		{0FD3AADA-3BEB-4F8D-BBE9-0E55EED5652A}.Debug|Any CPU.Build.0 = Debug|Any CPU
		{0FD3AADA-3BEB-4F8D-BBE9-0E55EED5652A}.Release|Any CPU.ActiveCfg = Release|Any CPU
		{0FD3AADA-3BEB-4F8D-BBE9-0E55EED5652A}.Release|Any CPU.Build.0 = Release|Any CPU
		{67ACA676-7C5E-406E-B9F4-42EE55B94B7F}.Debug|Any CPU.ActiveCfg = Debug|Any CPU
		{67ACA676-7C5E-406E-B9F4-42EE55B94B7F}.Debug|Any CPU.Build.0 = Debug|Any CPU
		{67ACA676-7C5E-406E-B9F4-42EE55B94B7F}.Release|Any CPU.ActiveCfg = Release|Any CPU
		{67ACA676-7C5E-406E-B9F4-42EE55B94B7F}.Release|Any CPU.Build.0 = Release|Any CPU
		{98CC5A0C-AC40-4FC6-9BE0-64EBAAC1AA3E}.Debug|Any CPU.ActiveCfg = Debug|Any CPU
		{98CC5A0C-AC40-4FC6-9BE0-64EBAAC1AA3E}.Debug|Any CPU.Build.0 = Debug|Any CPU
		{98CC5A0C-AC40-4FC6-9BE0-64EBAAC1AA3E}.Release|Any CPU.ActiveCfg = Release|Any CPU
		{98CC5A0C-AC40-4FC6-9BE0-64EBAAC1AA3E}.Release|Any CPU.Build.0 = Release|Any CPU
		{9F66F2CB-EDCF-46E1-BC9C-54E2A0CDFCAA}.Debug|Any CPU.ActiveCfg = Debug|Any CPU
		{9F66F2CB-EDCF-46E1-BC9C-54E2A0CDFCAA}.Debug|Any CPU.Build.0 = Debug|Any CPU
		{9F66F2CB-EDCF-46E1-BC9C-54E2A0CDFCAA}.Release|Any CPU.ActiveCfg = Release|Any CPU
		{9F66F2CB-EDCF-46E1-BC9C-54E2A0CDFCAA}.Release|Any CPU.Build.0 = Release|Any CPU
		{AEE3DDB5-3D97-4A63-A45C-4920E3285EBE}.Debug|Any CPU.ActiveCfg = Debug|Any CPU
		{AEE3DDB5-3D97-4A63-A45C-4920E3285EBE}.Debug|Any CPU.Build.0 = Debug|Any CPU
		{AEE3DDB5-3D97-4A63-A45C-4920E3285EBE}.Release|Any CPU.ActiveCfg = Release|Any CPU
		{AEE3DDB5-3D97-4A63-A45C-4920E3285EBE}.Release|Any CPU.Build.0 = Release|Any CPU
	EndGlobalSection
	GlobalSection(SolutionProperties) = preSolution
		HideSolutionNode = FALSE
	EndGlobalSection
	GlobalSection(NestedProjects) = preSolution
		{6101296B-A9B1-5DAB-A716-20505C8A9992} = {02EA681E-C7D8-13C7-8484-4AC65E1B71E8}
		{0FD3AADA-3BEB-4F8D-BBE9-0E55EED5652A} = {02EA681E-C7D8-13C7-8484-4AC65E1B71E8}
		{67ACA676-7C5E-406E-B9F4-42EE55B94B7F} = {02EA681E-C7D8-13C7-8484-4AC65E1B71E8}
		{98CC5A0C-AC40-4FC6-9BE0-64EBAAC1AA3E} = {02EA681E-C7D8-13C7-8484-4AC65E1B71E8}
		{9F66F2CB-EDCF-46E1-BC9C-54E2A0CDFCAA} = {02EA681E-C7D8-13C7-8484-4AC65E1B71E8}
		{AEE3DDB5-3D97-4A63-A45C-4920E3285EBE} = {2037D1D3-86A3-4C18-8672-F8504F9E29D7}
	EndGlobalSection
	GlobalSection(ExtensibilityGlobals) = postSolution
		SolutionGuid = {BDF67D91-FEA0-435F-80E8-B8F6F7A802B7}
	EndGlobalSection
EndGlobal
